{
  "name": "durable-object",
  "version": "1.0.0",
  "lockfileVersion": 3,
  "requires": true,
  "packages": {
    "": {
      "name": "durable-object",
      "version": "1.0.0",
      "license": "ISC",
      "dependencies": {
        "workerd": "^1.20260607.1"
      }
    },
    "node_modules/@cloudflare/workerd-darwin-64": {
      "version": "1.20260607.1",
      "resolved": "https://registry.npmjs.org/@cloudflare/workerd-darwin-64/-/workerd-darwin-64-1.20260607.1.tgz",
      "integrity": "sha512-3tket63LygI+TLw4UDSkxjwjSHKQzlRBXWGCDCDPU0kS79Fo0aOJfB06sdtsWN7Y29wIIZYWFGpfrX4/CZCV+g==",
      "cpu": [
        "x64"
      ],
      "license": "Apache-2.0",
      "optional": true,
      "os": [
        "darwin"
      ],
      "engines": {
        "node": ">=16"
      }
    },
    "node_modules/@cloudflare/workerd-darwin-arm64": {
      "version": "1.20260607.1",
      "resolved": "https://registry.npmjs.org/@cloudflare/workerd-darwin-arm64/-/workerd-darwin-arm64-1.20260607.1.tgz",
      "integrity": "sha512-GOfZHy114lgoGxBlqmeK5YwLQbkhBjdfkXxz4F3hE53/bYGxDTOzs7lQpteUsKW3cd5cL1FYqBfGmQU734rWug==",
      "cpu": [
        "arm64"
      ],
      "license": "Apache-2.0",
      "optional": true,
      "os": [
        "darwin"
      ],
      "engines": {
        "node": ">=16"
      }
    },
    "node_modules/@cloudflare/workerd-linux-64": {
      "version": "1.20260607.1",
      "resolved": "https://registry.npmjs.org/@cloudflare/workerd-linux-64/-/workerd-linux-64-1.20260607.1.tgz",
      "integrity": "sha512-MjBRwdH4bl4dgjKceIE2ImIOIFqFipbCnhoGzSHBNj3iMSWGJQBJ8glsekRtrCpemtGFjVHNM9Ynot471tHmtQ==",
      "cpu": [
        "x64"
      ],
      "license": "Apache-2.0",
      "optional": true,
      "os": [
        "linux"
      ],
      "engines": {
        "node": ">=16"
      }
    },
    "node_modules/@cloudflare/workerd-linux-arm64": {
      "version": "1.20260607.1",
      "resolved": "https://registry.npmjs.org/@cloudflare/workerd-linux-arm64/-/workerd-linux-arm64-1.20260607.1.tgz",
      "integrity": "sha512-hBT328m9LHZJ33XVcDH2EXY3Q4ZVFBLi+LluG5HtDYSxYozWsYLgOCROtxfHZB108PWn1B+bDW2aFsCH5AIAug==",
      "cpu": [
        "arm64"
      ],
      "license": "Apache-2.0",
      "optional": true,
      "os": [
        "linux"
      ],
      "engines": {
        "node": ">=16"
      }
    },
    "node_modules/@cloudflare/workerd-windows-64": {
      "version": "1.20260607.1",
      "resolved": "https://registry.npmjs.org/@cloudflare/workerd-windows-64/-/workerd-windows-64-1.20260607.1.tgz",
      "integrity": "sha512-P6iiqehlu8tYpHTY7whpP+XA/DQdn4tW0wG4W53YXyKPKd0TdLc7N1RCYGQJ4mnyh0Rv6Ho5sr53APxBma3ryA==",
      "cpu": [
        "x64"
      ],
      "license": "Apache-2.0",
      "optional": true,
      "os": [
        "win32"
      ],
      "engines": {
        "node": ">=16"
      }
    },
    "node_modules/workerd": {
      "version": "1.20260607.1",
      "resolved": "https://registry.npmjs.org/workerd/-/workerd-1.20260607.1.tgz",
      "integrity": "sha512-WPF8iqcVNzOwRXbar+09GtEfVBnxdHXOYvCYQxRLxQZ0t+4hz8V9vEl+Q+S8vwJECy5693VjSrXr3GhlusozPA==",
      "hasInstallScript": true,
      "license": "Apache-2.0",
      "bin": {
        "workerd": "bin/workerd"
      },
      "engines": {
        "node": ">=16"
      },
      "optionalDependencies": {
        "@cloudflare/workerd-darwin-64": "1.20260607.1",
        "@cloudflare/workerd-darwin-arm64": "1.20260607.1",
        "@cloudflare/workerd-linux-64": "1.20260607.1",
        "@cloudflare/workerd-linux-arm64": "1.20260607.1",
        "@cloudflare/workerd-windows-64": "1.20260607.1"
      }
    }
  }
}
